
Microsoft Visual Studio Solution File, Format Version 12.00
# Visual Studio Version 17
VisualStudioVersion = 17.0.31912.275
MinimumVisualStudioVersion = 10.0.40219.1
Project("{FAE04EC0-301F-11D3-BF4B-00C04F79EFBC}") = "WindowsFormsApp1", "WindowsFormsApp1\WindowsFormsApp1.csproj", "{A99D468F-17B4-4078-AC95-6CBF37067203}"
EndProject
Global
	GlobalSection(SolutionConfigurationPlatforms) = preSolution
		Debug|Any CPU = Debug|Any CPU
		Release|Any CPU = Release|Any CPU
	EndGlobalSection
	GlobalSection(ProjectConfigurationPlatforms) = postSolution
		{A99D468F-17B4-4078-AC95-6CBF37067203}.Debug|Any CPU.ActiveCfg = Debug|Any CPU
		{A99D468F-17B4-4078-AC95-6CBF37067203}.Debug|Any CPU.Build.0 = Debug|Any CPU
		{A99D468F-17B4-4078-AC95-6CBF37067203}.Release|Any CPU.ActiveCfg = Release|Any CPU
		{A99D468F-17B4-4078-AC95-6CBF37067203}.Release|Any CPU.Build.0 = Release|Any CPU
	EndGlobalSection
	GlobalSection(SolutionProperties) = preSolution
		HideSolutionNode = FALSE
	EndGlobalSection
	GlobalSection(ExtensibilityGlobals) = postSolution
		SolutionGuid = {E4B0934D-BB22-42B8-867D-0EB4BE8DC9B6}
	EndGlobalSection
EndGlobal
